# THIS IS AN AUTOGENERATED FILE. DO NOT EDIT THIS FILE DIRECTLY.
# yarn lockfile v1


image-downloader@^4.0.1:
  version "4.0.1"
  resolved "https://registry.yarnpkg.com/image-downloader/-/image-downloader-4.0.1.tgz#2cf211107050595ed1f99af4531ebea4aeea3dfc"
  integrity sha512-VfjlMHx1DDPN27x6IC15+6oejeG0A1S955r7oF4rsxqAh8+ygJ3avK8yi8pJztz5qir/x1dFV+eCIy3155byhg==
